// !$*UTF8*$!
{
	archiveVersion = 1;
	classes = {
	};
	objectVersion = 46;
	objects = {

/* Begin PBXBuildFile section */
		CBDD0BBA1D6AF2E1002CC2E0 /* AppDelegate.swift in Sources */ = {isa = PBXBuildFile; fileRef = CBDD0BB91D6AF2E1002CC2E0 /* AppDelegate.swift */; };
		CBDD0BBC1D6AF2E1002CC2E0 /* ViewController.swift in Sources */ = {isa = PBXBuildFile; fileRef = CBDD0BBB1D6AF2E1002CC2E0 /* ViewController.swift */; };
		CBDD0BBF1D6AF2E1002CC2E0 /* Main.storyboard in Resources */ = {isa = PBXBuildFile; fileRef = CBDD0BBD1D6AF2E1002CC2E0 /* Main.storyboard */; };
		CBDD0BC11D6AF2E1002CC2E0 /* Assets.xcassets in Resources */ = {isa = PBXBuildFile; fileRef = CBDD0BC01D6AF2E1002CC2E0 /* Assets.xcassets */; };
		CBDD0BC41D6AF2E1002CC2E0 /* LaunchScreen.storyboard in Resources */ = {isa = PBXBuildFile; fileRef = CBDD0BC21D6AF2E1002CC2E0 /* LaunchScreen.storyboard */; };
		CBDD0BCC1D6AF35B002CC2E0 /* Datos.swift in Sources */ = {isa = PBXBuildFile; fileRef = CBDD0BCB1D6AF35B002CC2E0 /* Datos.swift */; settings = {ASSET_TAGS = (); }; };
/* End PBXBuildFile section */

/* Begin PBXFileReference section */
		CBDD0BB61D6AF2E1002CC2E0 /* Hamburguesas.app */ = {isa = PBXFileReference; explicitFileType = wrapper.application; includeInIndex = 0; path = Hamburguesas.app; sourceTree = BUILT_PRODUCTS_DIR; };
		CBDD0BB91D6AF2E1002CC2E0 /* AppDelegate.swift */ = {isa = PBXFileReference; lastKnownFileType = sourcecode.swift; path = AppDelegate.swift; sourceTree = "<group>"; };
		CBDD0BBB1D6AF2E1002CC2E0 /* ViewController.swift */ = {isa = PBXFileReference; lastKnownFileType = sourcecode.swift; path = ViewController.swift; sourceTree = "<group>"; };
		CBDD0BBE1D6AF2E1002CC2E0 /* Base */ = {isa = PBXFileReference; lastKnownFileType = file.storyboard; name = Base; path = Base.lproj/Main.storyboard; sourceTree = "<group>"; };
		CBDD0BC01D6AF2E1002CC2E0 /* Assets.xcassets */ = {isa = PBXFileReference; lastKnownFileType = folder.assetcatalog; path = Assets.xcassets; sourceTree = "<group>"; };
		CBDD0BC31D6AF2E1002CC2E0 /* Base */ = {isa = PBXFileReference; lastKnownFileType = file.storyboard; name = Base; path = Base.lproj/LaunchScreen.storyboard; sourceTree = "<group>"; };
		CBDD0BC51D6AF2E1002CC2E0 /* Info.plist */ = {isa = PBXFileReference; lastKnownFileType = text.plist.xml; path = Info.plist; sourceTree = "<group>"; };
		CBDD0BCB1D6AF35B002CC2E0 /* Datos.swift */ = {isa = PBXFileReference; fileEncoding = 4; lastKnownFileType = sourcecode.swift; path = Datos.swift; sourceTree = "<group>"; };
/* End PBXFileReference section */

/* Begin PBXFrameworksBuildPhase section */
		CBDD0BB31D6AF2E1002CC2E0 /* Frameworks */ = {
			isa = PBXFrameworksBuildPhase;
			buildActionMask = 2147483647;
			files = (
			);
			runOnlyForDeploymentPostprocessing = 0;
		};
/* End PBXFrameworksBuildPhase section */

/* Begin PBXGroup section */
		CBDD0BAD1D6AF2E1002CC2E0 = {
			isa = PBXGroup;
			children = (
				CBDD0BB81D6AF2E1002CC2E0 /* Hamburguesas */,
				CBDD0BB71D6AF2E1002CC2E0 /* Products */,
			);
			sourceTree = "<group>";
		};
		CBDD0BB71D6AF2E1002CC2E0 /* Products */ = {
			isa = PBXGroup;
			children = (
				CBDD0BB61D6AF2E1002CC2E0 /* Hamburguesas.app */,
			);
			name = Products;
			sourceTree = "<group>";
		};
		CBDD0BB81D6AF2E1002CC2E0 /* Hamburguesas */ = {
			isa = PBXGroup;
			children = (
				CBDD0BB91D6AF2E1002CC2E0 /* AppDelegate.swift */,
				CBDD0BBB1D6AF2E1002CC2E0 /* ViewController.swift */,
				CBDD0BCB1D6AF35B002CC2E0 /* Datos.swift */,
				CBDD0BBD1D6AF2E1002CC2E0 /* Main.storyboard */,
				CBDD0BC01D6AF2E1002CC2E0 /* Assets.xcassets */,
				CBDD0BC21D6AF2E1002CC2E0 /* LaunchScreen.storyboard */,
				CBDD0BC51D6AF2E1002CC2E0 /* Info.plist */,
			);
			path = Hamburguesas;
			sourceTree = "<group>";
		};
/* End PBXGroup section */

/* Begin PBXNativeTarget section */
		CBDD0BB51D6AF2E1002CC2E0 /* Hamburguesas */ = {
			isa = PBXNativeTarget;
			buildConfigurationList = CBDD0BC81D6AF2E1002CC2E0 /* Build configuration list for PBXNativeTarget "Hamburguesas" */;
			buildPhases = (
				CBDD0BB21D6AF2E1002CC2E0 /* Sources */,
				CBDD0BB31D6AF2E1002CC2E0 /* Frameworks */,
				CBDD0BB41D6AF2E1002CC2E0 /* Resources */,
			);
			buildRules = (
			);
			dependencies = (
			);
			name = Hamburguesas;
			productName = Hamburguesas;
			productReference = CBDD0BB61D6AF2E1002CC2E0 /* Hamburguesas.app */;
			productType = "com.apple.product-type.application";
		};
/* End PBXNativeTarget section */

/* Begin PBXProject section */
		CBDD0BAE1D6AF2E1002CC2E0 /* Project object */ = {
			isa = PBXProject;
			attributes = {
				LastUpgradeCheck = 0700;
				ORGANIZATIONNAME = Virginia;
				TargetAttributes = {
					CBDD0BB51D6AF2E1002CC2E0 = {
						CreatedOnToolsVersion = 7.0;
					};
				};
			};
			buildConfigurationList = CBDD0BB11D6AF2E1002CC2E0 /* Build configuration list for PBXProject "Hamburguesas" */;
			compatibilityVersion = "Xcode 3.2";
			developmentRegion = English;
			hasScannedForEncodings = 0;
			knownRegions = (
				en,
				Base,
			);
			mainGroup = CBDD0BAD1D6AF2E1002CC2E0;
			productRefGroup = CBDD0BB71D6AF2E1002CC2E0 /* Products */;
			projectDirPath = "";
			projectRoot = "";
			targets = (
				CBDD0BB51D6AF2E1002CC2E0 /* Hamburguesas */,
			);
		};
/* End PBXProject section */

/* Begin PBXResourcesBuildPhase section */
		CBDD0BB41D6AF2E1002CC2E0 /* Resources */ = {
			isa = PBXResourcesBuildPhase;
			buildActionMask = 2147483647;
			files = (
				CBDD0BC41D6AF2E1002CC2E0 /* LaunchScreen.storyboard in Resources */,
				CBDD0BC11D6AF2E1002CC2E0 /* Assets.xcassets in Resources */,
				CBDD0BBF1D6AF2E1002CC2E0 /* Main.storyboard in Resources */,
			);
			runOnlyForDeploymentPostprocessing = 0;
		};
/* End PBXResourcesBuildPhase section */

/* Begin PBXSourcesBuildPhase section */
		CBDD0BB21D6AF2E1002CC2E0 /* Sources */ = {
			isa = PBXSourcesBuildPhase;
			buildActionMask = 2147483647;
			files = (
				CBDD0BBC1D6AF2E1002CC2E0 /* ViewController.swift in Sources */,
				CBDD0BBA1D6AF2E1002CC2E0 /* AppDelegate.swift in Sources */,
				CBDD0BCC1D6AF35B002CC2E0 /* Datos.swift in Sources */,
			);
			runOnlyForDeploymentPostprocessing = 0;
		};
/* End PBXSourcesBuildPhase section */

/* Begin PBXVariantGroup section */
		CBDD0BBD1D6AF2E1002CC2E0 /* Main.storyboard */ = {
			isa = PBXVariantGroup;
			children = (
				CBDD0BBE1D6AF2E1002CC2E0 /* Base */,
			);
			name = Main.storyboard;
			sourceTree = "<group>";
		};
		CBDD0BC21D6AF2E1002CC2E0 /* LaunchScreen.storyboard */ = {
			isa = PBXVariantGroup;
			children = (
				CBDD0BC31D6AF2E1002CC2E0 /* Base */,
			);
			name = LaunchScreen.storyboard;
			sourceTree = "<group>";
		};
/* End PBXVariantGroup section */

/* Begin XCBuildConfiguration section */
		CBDD0BC61D6AF2E1002CC2E0 /* Debug */ = {
			isa = XCBuildConfiguration;
			buildSettings = {
				ALWAYS_SEARCH_USER_PATHS = NO;
				CLANG_CXX_LANGUAGE_STANDARD = "gnu++0x";
				CLANG_CXX_LIBRARY = "libc++";
				CLANG_ENABLE_MODULES = YES;
				CLANG_ENABLE_OBJC_ARC = YES;
				CLANG_WARN_BOOL_CONVERSION = YES;
				CLANG_WARN_CONSTANT_CONVERSION = YES;
				CLANG_WARN_DIRECT_OBJC_ISA_USAGE = YES_ERROR;
				CLANG_WARN_EMPTY_BODY = YES;
				CLANG_WARN_ENUM_CONVERSION = YES;
				CLANG_WARN_INT_CONVERSION = YES;
				CLANG_WARN_OBJC_ROOT_CLASS = YES_ERROR;
				CLANG_WARN_UNREACHABLE_CODE = YES;
				CLANG_WARN__DUPLICATE_METHOD_MATCH = YES;
				"CODE_SIGN_IDENTITY[sdk=iphoneos*]" = "iPhone Developer";
				COPY_PHASE_STRIP = NO;
				DEBUG_INFORMATION_FORMAT = dwarf;
				ENABLE_STRICT_OBJC_MSGSEND = YES;
				ENABLE_TESTABILITY = YES;
				GCC_C_LANGUAGE_STANDARD = gnu99;
				GCC_DYNAMIC_NO_PIC = NO;
				GCC_NO_COMMON_BLOCKS = YES;
				GCC_OPTIMIZATION_LEVEL = 0;
				GCC_PREPROCESSOR_DEFINITIONS = (
					"DEBUG=1",
					"$(inherited)",
				);
				GCC_WARN_64_TO_32_BIT_CONVERSION = YES;
				GCC_WARN_ABOUT_RETURN_TYPE = YES_ERROR;
				GCC_WARN_UNDECLARED_SELECTOR = YES;
				GCC_WARN_UNINITIALIZED_AUTOS = YES_AGGRESSIVE;
				GCC_WARN_UNUSED_FUNCTION = YES;
				GCC_WARN_UNUSED_VARIABLE = YES;
				IPHONEOS_DEPLOYMENT_TARGET = 9.0;
				MTL_ENABLE_DEBUG_INFO = YES;
				ONLY_ACTIVE_ARCH = YES;
				SDKROOT = iphoneos;
				SWIFT_OPTIMIZATION_LEVEL = "-Onone";
			};
			name = Debug;
		};
		CBDD0BC71D6AF2E1002CC2E0 /* Release */ = {
			isa = XCBuildConfiguration;
			buildSettings = {
				ALWAYS_SEARCH_USER_PATHS = NO;
				CLANG_CXX_LANGUAGE_STANDARD = "gnu++0x";
				CLANG_CXX_LIBRARY = "libc++";
				CLANG_ENABLE_MODULES = YES;
				CLANG_ENABLE_OBJC_ARC = YES;
				CLANG_WARN_BOOL_CONVERSION = YES;
				CLANG_WARN_CONSTANT_CONVERSION = YES;
				CLANG_WARN_DIRECT_OBJC_ISA_USAGE = YES_ERROR;
				CLANG_WARN_EMPTY_BODY = YES;
				CLANG_WARN_ENUM_CONVERSION = YES;
				CLANG_WARN_INT_CONVERSION = YES;
				CLANG_WARN_OBJC_ROOT_CLASS = YES_ERROR;
				CLANG_WARN_UNREACHABLE_CODE = YES;
				CLANG_WARN__DUPLICATE_METHOD_MATCH = YES;
				"CODE_SIGN_IDENTITY[sdk=iphoneos*]" = "iPhone Developer";
				COPY_PHASE_STRIP = NO;
				DEBUG_INFORMATION_FORMAT = "dwarf-with-dsym";
				ENABLE_NS_ASSERTIONS = NO;
				ENABLE_STRICT_OBJC_MSGSEND = YES;
				GCC_C_LANGUAGE_STANDARD = gnu99;
				GCC_NO_COMMON_BLOCKS = YES;
				GCC_WARN_64_TO_32_BIT_CONVERSION = YES;
				GCC_WARN_ABOUT_RETURN_TYPE = YES_ERROR;
				GCC_WARN_UNDECLARED_SELECTOR = YES;
				GCC_WARN_UNINITIALIZED_AUTOS = YES_AGGRESSIVE;
				GCC_WARN_UNUSED_FUNCTION = YES;
				GCC_WARN_UNUSED_VARIABLE = YES;
				IPHONEOS_DEPLOYMENT_TARGET = 9.0;
				MTL_ENABLE_DEBUG_INFO = NO;
				SDKROOT = iphoneos;
				VALIDATE_PRODUCT = YES;
			};
			name = Release;
		};
		CBDD0BC91D6AF2E1002CC2E0 /* Debug */ = {
			isa = XCBuildConfiguration;
			buildSettings = {
				ASSETCATALOG_COMPILER_APPICON_NAME = AppIcon;
				INFOPLIST_FILE = Hamburguesas/Info.plist;
				LD_RUNPATH_SEARCH_PATHS = "$(inherited) @executable_path/Frameworks";
				PRODUCT_BUNDLE_IDENTIFIER = VCG.Hamburguesas;
				PRODUCT_NAME = "$(TARGET_NAME)";
			};
			name = Debug;
		};
		CBDD0BCA1D6AF2E1002CC2E0 /* Release */ = {
			isa = XCBuildConfiguration;
			buildSettings = {
				ASSETCATALOG_COMPILER_APPICON_NAME = AppIcon;
				INFOPLIST_FILE = Hamburguesas/Info.plist;
				LD_RUNPATH_SEARCH_PATHS = "$(inherited) @executable_path/Frameworks";
				PRODUCT_BUNDLE_IDENTIFIER = VCG.Hamburguesas;
				PRODUCT_NAME = "$(TARGET_NAME)";
			};
			name = Release;
		};
/* End XCBuildConfiguration section */

/* Begin XCConfigurationList section */
		CBDD0BB11D6AF2E1002CC2E0 /* Build configuration list for PBXProject "Hamburguesas" */ = {
			isa = XCConfigurationList;
			buildConfigurations = (
				CBDD0BC61D6AF2E1002CC2E0 /* Debug */,
				CBDD0BC71D6AF2E1002CC2E0 /* Release */,
			);
			defaultConfigurationIsVisible = 0;
			defaultConfigurationName = Release;
		};
		CBDD0BC81D6AF2E1002CC2E0 /* Build configuration list for PBXNativeTarget "Hamburguesas" */ = {
			isa = XCConfigurationList;
			buildConfigurations = (
				CBDD0BC91D6AF2E1002CC2E0 /* Debug */,
				CBDD0BCA1D6AF2E1002CC2E0 /* Release */,
			);
			defaultConfigurationIsVisible = 0;
			defaultConfigurationName = Release;
		};
/* End XCConfigurationList section */
	};
	rootObject = CBDD0BAE1D6AF2E1002CC2E0 /* Project object */;
}
